
Microsoft Visual Studio Solution File, Format Version 12.00
# Visual Studio Version 16
VisualStudioVersion = 16.0.30128.74
MinimumVisualStudioVersion = 10.0.40219.1
Project("{9A19103F-16F7-4668-BE54-9A1E7A4F7556}") = "MicrosoftGraph-DotNetCoreRazor", "MicrosoftGraph-DotNetCoreRazor.csproj", "{CD507056-1C90-4A68-9DC6-1891C233FB6C}"
EndProject
Global
	GlobalSection(SolutionConfigurationPlatforms) = preSolution
		Debug|Any CPU = Debug|Any CPU
		Release|Any CPU = Release|Any CPU
	EndGlobalSection
	GlobalSection(ProjectConfigurationPlatforms) = postSolution
		{CD507056-1C90-4A68-9DC6-1891C233FB6C}.Debug|Any CPU.ActiveCfg = Debug|Any CPU
		{CD507056-1C90-4A68-9DC6-1891C233FB6C}.Debug|Any CPU.Build.0 = Debug|Any CPU
		{CD507056-1C90-4A68-9DC6-1891C233FB6C}.Release|Any CPU.ActiveCfg = Release|Any CPU
		{CD507056-1C90-4A68-9DC6-1891C233FB6C}.Release|Any CPU.Build.0 = Release|Any CPU
	EndGlobalSection
	GlobalSection(SolutionProperties) = preSolution
		HideSolutionNode = FALSE
	EndGlobalSection
	GlobalSection(ExtensibilityGlobals) = postSolution
		SolutionGuid = {3BD86BEA-330B-404E-95E5-F05F1F7F2CA4}
	EndGlobalSection
EndGlobal
